<?xml version="1.0" encoding="utf-8"?>
<Project ToolsVersion="4.0" xmlns="http://schemas.microsoft.com/developer/msbuild/2003">
  <ItemGroup>
    <Filter Include="Archivos de recursos">
      <UniqueIdentifier>{67DA6AB6-F800-4c08-8B7A-83BB121AAD01}</UniqueIdentifier>
      <Extensions>rc;ico;cur;bmp;dlg;rc2;rct;bin;rgs;gif;jpg;jpeg;jpe;resx;tiff;tif;png;wav;mfcribbon-ms</Extensions>
    </Filter>
    <Filter Include="Include">
      <UniqueIdentifier>{93995380-89BD-4b04-88EB-625FBE52EBFB}</UniqueIdentifier>
      <Extensions>h;hh;hpp;hxx;h++;hm;inl;inc;ipp;xsd</Extensions>
    </Filter>
    <Filter Include="Source">
      <UniqueIdentifier>{4FC737F1-C7A5-4376-A066-2A32D752A2FF}</UniqueIdentifier>
      <Extensions>cpp;c;cc;cxx;c++;cppm;ixx;def;odl;idl;hpj;bat;asm;asmx</Extensions>
    </Filter>
    <Filter Include="Source\mesh">
      <UniqueIdentifier>{a7f83e8b-6724-4ed2-ad33-8ffcfbb573d6}</UniqueIdentifier>
    </Filter>
    <Filter Include="Source\mesh\base">
      <UniqueIdentifier>{4ffa85d6-59e6-4b6a-ad5d-0ca513c238da}</UniqueIdentifier>
    </Filter>
    <Filter Include="Source\mesh\reader">
      <UniqueIdentifier>{c4d6e96d-293a-48e8-aae4-24e6169ddc31}</UniqueIdentifier>
    </Filter>
    <Filter Include="Include\base">
      <UniqueIdentifier>{da1dcf94-5994-45eb-ba6c-29f06bb3aa1e}</UniqueIdentifier>
    </Filter>
    <Filter Include="Include\mesh">
      <UniqueIdentifier>{2f8fa23e-5d0b-4b9d-902f-6f3ed04e77df}</UniqueIdentifier>
    </Filter>
    <Filter Include="Include\mesh\base">
      <UniqueIdentifier>{512790ab-6ea7-4ef6-b266-dc5eb7378ef2}</UniqueIdentifier>
    </Filter>
    <Filter Include="Include\mesh\reader">
      <UniqueIdentifier>{fcecd160-dbcf-424a-9b14-6772c8779af0}</UniqueIdentifier>
    </Filter>
    <Filter Include="Include\math">
      <UniqueIdentifier>{93b2bf29-a144-44db-84c1-ca917250c607}</UniqueIdentifier>
    </Filter>
    <Filter Include="Include\material">
      <UniqueIdentifier>{1a20e435-bbfd-4e13-bce7-9e29d976f363}</UniqueIdentifier>
    </Filter>
    <Filter Include="Include\material\properties">
      <UniqueIdentifier>{77ce85d7-0777-428b-8be1-2d653e07a798}</UniqueIdentifier>
    </Filter>
    <Filter Include="Include\field">
      <UniqueIdentifier>{86565ec8-098d-4717-b15b-fbfcfa14d551}</UniqueIdentifier>
    </Filter>
    <Filter Include="Source\field">
      <UniqueIdentifier>{fa45517a-0e74-4c92-b11f-41d47d1927fe}</UniqueIdentifier>
    </Filter>
    <Filter Include="Include\boundary">
      <UniqueIdentifier>{1a8e14dd-d53a-4f95-b8d9-bbca9ed11c18}</UniqueIdentifier>
    </Filter>
    <Filter Include="Source\base">
      <UniqueIdentifier>{47d5ad12-f8f6-4da1-a454-4ec499bff1e5}</UniqueIdentifier>
    </Filter>
    <Filter Include="Source\material">
      <UniqueIdentifier>{e4aeb62e-8d6b-45b8-97e3-41c6c3e49648}</UniqueIdentifier>
    </Filter>
    <Filter Include="Source\math">
      <UniqueIdentifier>{fc586eac-c116-4c41-a808-15bcb3199012}</UniqueIdentifier>
    </Filter>
    <Filter Include="Source\boundary">
      <UniqueIdentifier>{bd2516d2-5b73-47f5-946c-5d5319a65901}</UniqueIdentifier>
    </Filter>
    <Filter Include="Include\solver">
      <UniqueIdentifier>{25b9c47f-2fb9-4388-877b-57f3179bb07b}</UniqueIdentifier>
    </Filter>
    <Filter Include="Source\solver">
      <UniqueIdentifier>{0a1f2b5d-dc5a-4cb4-bd0d-6f109595f821}</UniqueIdentifier>
    </Filter>
    <Filter Include="Include\math\var">
      <UniqueIdentifier>{85a773eb-38d8-4b38-a084-4a6e83ce844f}</UniqueIdentifier>
    </Filter>
    <Filter Include="Include\solver\propagator">
      <UniqueIdentifier>{53030057-6f9e-46af-abe0-af1554509a2c}</UniqueIdentifier>
    </Filter>
    <Filter Include="Include\math\value">
      <UniqueIdentifier>{35cb50e2-6b85-47d2-98fb-2f82c0350f14}</UniqueIdentifier>
    </Filter>
    <Filter Include="Include\math\interpolation">
      <UniqueIdentifier>{9f888856-7795-450f-8085-e166a5cae541}</UniqueIdentifier>
    </Filter>
    <Filter Include="Include\mesh\manipulation">
      <UniqueIdentifier>{c8f20cf8-e245-41cf-a0d7-80bf7137c688}</UniqueIdentifier>
    </Filter>
    <Filter Include="Include\equation">
      <UniqueIdentifier>{eb4f66dc-9201-4e82-9693-9c313d5fd094}</UniqueIdentifier>
    </Filter>
    <Filter Include="Include\equation\diffusive">
      <UniqueIdentifier>{173cf891-43c4-46ee-96ab-7f6cd8ced773}</UniqueIdentifier>
    </Filter>
    <Filter Include="Include\equation\convective">
      <UniqueIdentifier>{ebe6d2ac-ee62-4777-8b0d-6563a6addcac}</UniqueIdentifier>
    </Filter>
    <Filter Include="Include\equation\source">
      <UniqueIdentifier>{3c87431f-fb77-4cf3-a06f-68168a1c872f}</UniqueIdentifier>
    </Filter>
    <Filter Include="Include\system">
      <UniqueIdentifier>{5bb3f1d6-9740-44f3-b6a5-e995d1faaf78}</UniqueIdentifier>
    </Filter>
    <Filter Include="Source\system">
      <UniqueIdentifier>{b2167d02-561d-49e0-922d-f49a34549e5a}</UniqueIdentifier>
    </Filter>
    <Filter Include="Include\math\integral">
      <UniqueIdentifier>{5cc27f6a-2adc-487c-9cc8-e70bc06622e4}</UniqueIdentifier>
    </Filter>
    <Filter Include="Include\equation\temporal">
      <UniqueIdentifier>{30ade1f1-6fd4-483c-becc-dc5d8b511a80}</UniqueIdentifier>
    </Filter>
    <Filter Include="Source\math\interpolation">
      <UniqueIdentifier>{343b8fa1-5b71-4972-aa4d-d31e37f6323a}</UniqueIdentifier>
    </Filter>
    <Filter Include="Include\solver\time">
      <UniqueIdentifier>{fa3236d0-05d8-4c7a-a9e9-d7fbf3a7614b}</UniqueIdentifier>
    </Filter>
    <Filter Include="Include\post">
      <UniqueIdentifier>{d2debd59-e174-4eb6-805a-d81142c9422b}</UniqueIdentifier>
    </Filter>
    <Filter Include="Include\solver\activity">
      <UniqueIdentifier>{1c674fa8-51cb-4dd6-bf69-7cc3b4eb1d19}</UniqueIdentifier>
    </Filter>
    <Filter Include="Include\solver\stop">
      <UniqueIdentifier>{4335029a-eda0-4a31-a573-6478f43df917}</UniqueIdentifier>
    </Filter>
  </ItemGroup>
  <ItemGroup>
    <ClInclude Include="inc\mesh\base\cell.h">
      <Filter>Include\mesh\base</Filter>
    </ClInclude>
    <ClInclude Include="inc\mesh\base\base_geometry.h">
      <Filter>Include\mesh\base</Filter>
    </ClInclude>
    <ClInclude Include="inc\mesh\base\face.h">
      <Filter>Include\mesh\base</Filter>
    </ClInclude>
    <ClInclude Include="inc\mesh\base\node.h">
      <Filter>Include\mesh\base</Filter>
    </ClInclude>
    <ClInclude Include="inc\mesh\mesh.h">
      <Filter>Include\mesh</Filter>
    </ClInclude>
    <ClInclude Include="inc\mesh\mesh_typedefs.h">
      <Filter>Include\mesh</Filter>
    </ClInclude>
    <ClInclude Include="inc\mesh\reader\luismi_format_mesh_reader.h">
      <Filter>Include\mesh\reader</Filter>
    </ClInclude>
    <ClInclude Include="inc\mesh\reader\mesh_loader.h">
      <Filter>Include\mesh\reader</Filter>
    </ClInclude>
    <ClInclude Include="inc\base\global_typedef.h">
      <Filter>Include\base</Filter>
    </ClInclude>
    <ClInclude Include="inc\math\surface_integral.h">
      <Filter>Include\math</Filter>
    </ClInclude>
    <ClInclude Include="inc\material\material.h">
      <Filter>Include\material</Filter>
    </ClInclude>
    <ClInclude Include="inc\material\properties\constant_properties.h">
      <Filter>Include\material\properties</Filter>
    </ClInclude>
    <ClInclude Include="inc\material\properties\ideal_gas.h">
      <Filter>Include\material\properties</Filter>
    </ClInclude>
    <ClInclude Include="inc\material\properties\properties_base.h">
      <Filter>Include\material\properties</Filter>
    </ClInclude>
    <ClInclude Include="inc\material\material_factory.h">
      <Filter>Include\material</Filter>
    </ClInclude>
    <ClInclude Include="inc\field\fields.h">
      <Filter>Include\field</Filter>
    </ClInclude>
    <ClInclude Include="inc\field\state_vector.h">
      <Filter>Include\field</Filter>
    </ClInclude>
    <ClInclude Include="inc\boundary\boundary_condition.h">
      <Filter>Include\boundary</Filter>
    </ClInclude>
    <ClInclude Include="inc\boundary\constant_temperature.h">
      <Filter>Include\boundary</Filter>
    </ClInclude>
    <ClInclude Include="inc\solver\matrix_builder.h">
      <Filter>Include\solver</Filter>
    </ClInclude>
    <ClInclude Include="inc\math\var\system_submatrix.h">
      <Filter>Include\math\var</Filter>
    </ClInclude>
    <ClInclude Include="inc\solver\stationary_solver.h">
      <Filter>Include\solver</Filter>
    </ClInclude>
    <ClInclude Include="inc\solver\temporal_solver.h">
      <Filter>Include\solver</Filter>
    </ClInclude>
    <ClInclude Include="inc\mesh\base\vector.h">
      <Filter>Include\mesh\base</Filter>
    </ClInclude>
    <ClInclude Include="inc\solver\propagator\eurler_explicit.h">
      <Filter>Include\solver\propagator</Filter>
    </ClInclude>
    <ClInclude Include="inc\boundary\constant_gradient.h">
      <Filter>Include\boundary</Filter>
    </ClInclude>
    <ClInclude Include="inc\math\adimensional.h">
      <Filter>Include\math</Filter>
    </ClInclude>
    <ClInclude Include="inc\math\value\cell_value.h">
      <Filter>Include\math\value</Filter>
    </ClInclude>
    <ClInclude Include="inc\math\value\face_value.h">
      <Filter>Include\math\value</Filter>
    </ClInclude>
    <ClInclude Include="inc\math\value\node_value.h">
      <Filter>Include\math\value</Filter>
    </ClInclude>
    <ClInclude Include="inc\math\interpolation\face_interpolation.h">
      <Filter>Include\math\interpolation</Filter>
    </ClInclude>
    <ClInclude Include="inc\math\interpolation\gradient_flux.h">
      <Filter>Include\math\interpolation</Filter>
    </ClInclude>
    <ClInclude Include="inc\math\interpolation\gradient_interpolation.h">
      <Filter>Include\math\interpolation</Filter>
    </ClInclude>
    <ClInclude Include="inc\mesh\manipulation\mesh_selection.h">
      <Filter>Include\mesh\manipulation</Filter>
    </ClInclude>
    <ClInclude Include="inc\mesh\reader\mesh_reader.h">
      <Filter>Include\mesh\reader</Filter>
    </ClInclude>
    <ClInclude Include="inc\equation\convective\convective_term.h">
      <Filter>Include\equation\convective</Filter>
    </ClInclude>
    <ClInclude Include="inc\equation\convective\face_interpolation.h">
      <Filter>Include\equation\convective</Filter>
    </ClInclude>
    <ClInclude Include="inc\equation\diffusive\diffusive_term.h">
      <Filter>Include\equation\diffusive</Filter>
    </ClInclude>
    <ClInclude Include="inc\equation\diffusive\gradient_flux.h">
      <Filter>Include\equation\diffusive</Filter>
    </ClInclude>
    <ClInclude Include="inc\equation\equation_term.h">
      <Filter>Include\equation</Filter>
    </ClInclude>
    <ClInclude Include="inc\equation\source\source_term.h">
      <Filter>Include\equation\source</Filter>
    </ClInclude>
    <ClInclude Include="inc\system\problem.h">
      <Filter>Include\system</Filter>
    </ClInclude>
    <ClInclude Include="inc\equation\temporal\temporal_term.h">
      <Filter>Include\equation\temporal</Filter>
    </ClInclude>
    <ClInclude Include="inc\solver\time\time_step.h">
      <Filter>Include\solver\time</Filter>
    </ClInclude>
    <ClInclude Include="inc\post\contour.h">
      <Filter>Include\post</Filter>
    </ClInclude>
    <ClInclude Include="inc\solver\activity\time_step_activity.h">
      <Filter>Include\solver\activity</Filter>
    </ClInclude>
    <ClInclude Include="inc\solver\activity\iteration_activity.h">
      <Filter>Include\solver\activity</Filter>
    </ClInclude>
    <ClInclude Include="inc\solver\stop\stopping_criteria.h">
      <Filter>Include\solver\stop</Filter>
    </ClInclude>
    <ClInclude Include="inc\post\time_solution_saver.h">
      <Filter>Include\post</Filter>
    </ClInclude>
    <ClInclude Include="inc\math\var\system_submatrix_coupled.h">
      <Filter>Include\math\var</Filter>
    </ClInclude>
    <ClInclude Include="inc\equation\equation.h">
      <Filter>Include\equation</Filter>
    </ClInclude>
  </ItemGroup>
  <ItemGroup>
    <ClCompile Include="src\mesh\mesh.cpp">
      <Filter>Source\mesh</Filter>
    </ClCompile>
    <ClCompile Include="src\mesh\base\cell.cpp">
      <Filter>Source\mesh\base</Filter>
    </ClCompile>
    <ClCompile Include="src\mesh\base\face.cpp">
      <Filter>Source\mesh\base</Filter>
    </ClCompile>
    <ClCompile Include="src\mesh\base\node.cpp">
      <Filter>Source\mesh\base</Filter>
    </ClCompile>
    <ClCompile Include="src\CodigoCFD.cpp">
      <Filter>Source</Filter>
    </ClCompile>
    <ClCompile Include="src\field\fields.cpp">
      <Filter>Source\field</Filter>
    </ClCompile>
    <ClCompile Include="src\boundary\boundary_condition.cpp">
      <Filter>Source\boundary</Filter>
    </ClCompile>
    <ClCompile Include="src\solver\matrix_builder.cpp">
      <Filter>Source\solver</Filter>
    </ClCompile>
    <ClCompile Include="src\system\problem.cpp">
      <Filter>Source\system</Filter>
    </ClCompile>
    <ClCompile Include="src\math\interpolation\gradient_interpolation.cpp">
      <Filter>Source\math\interpolation</Filter>
    </ClCompile>
  </ItemGroup>
</Project>